<?xml version="1.0" encoding="utf-8"?>
<Project ToolsVersion="4.0" xmlns="http://schemas.microsoft.com/developer/msbuild/2003">
  <ItemGroup>
    <Filter Include="src">
      <UniqueIdentifier>{e522a8ec-bfcb-45bb-917e-8fb8ceef195e}</UniqueIdentifier>
    </Filter>
    <Filter Include="src\rc">
      <UniqueIdentifier>{b7583c72-4255-4a4b-a6bf-7298a2f974aa}</UniqueIdentifier>
    </Filter>
  </ItemGroup>
  <ItemGroup>
    <QtUic Include="taskapp.ui">
      <Filter>src</Filter>
    </QtUic>
  </ItemGroup>
  <ItemGroup>
    <ClCompile Include="main.cpp">
      <Filter>src</Filter>
    </ClCompile>
    <ClCompile Include="taskapp.cpp">
      <Filter>src</Filter>
    </ClCompile>
  </ItemGroup>
  <ItemGroup>
    <QtMoc Include="taskapp.h">
      <Filter>src</Filter>
    </QtMoc>
  </ItemGroup>
  <ItemGroup>
    <QtRcc Include="rc\taskapp.qrc">
      <Filter>src\rc</Filter>
    </QtRcc>
  </ItemGroup>
</Project>