<?xml version="1.0" encoding="utf-8"?>
<Project ToolsVersion="4.0" xmlns="http://schemas.microsoft.com/developer/msbuild/2003">
  <ItemGroup>
    <ClCompile Include="gui\detailsection.cpp">
      <Filter>src\gui</Filter>
    </ClCompile>
    <ClCompile Include="gui\taskapp.cpp">
      <Filter>src\gui</Filter>
    </ClCompile>
    <ClCompile Include="gui\tasksection.cpp">
      <Filter>src\gui</Filter>
    </ClCompile>
    <ClCompile Include="main.cpp">
      <Filter>src</Filter>
    </ClCompile>
    <ClCompile Include="dialogs\createtaskdlg.cpp">
      <Filter>src\dialogs</Filter>
    </ClCompile>
    <ClCompile Include="models\projectscollection.cpp">
      <Filter>src\models</Filter>
    </ClCompile>
    <ClCompile Include="gui\tasktablemodel.cpp">
      <Filter>src\gui</Filter>
    </ClCompile>
    <ClCompile Include="gui\tasktableview.cpp">
      <Filter>src\gui</Filter>
    </ClCompile>
  </ItemGroup>
  <ItemGroup>
    <QtMoc Include="gui\detailsection.h">
      <Filter>src\gui</Filter>
    </QtMoc>
    <QtMoc Include="gui\taskapp.h">
      <Filter>src\gui</Filter>
    </QtMoc>
    <QtMoc Include="gui\tasksection.h">
      <Filter>src\gui</Filter>
    </QtMoc>
    <QtMoc Include="dialogs\createtaskdlg.h">
      <Filter>src\dialogs</Filter>
    </QtMoc>
    <QtMoc Include="gui\tasktablemodel.h">
      <Filter>src\gui</Filter>
    </QtMoc>
  </ItemGroup>
  <ItemGroup>
    <QtUic Include="gui\detailsection.ui">
      <Filter>src\gui</Filter>
    </QtUic>
    <QtUic Include="gui\taskapp.ui">
      <Filter>src\gui</Filter>
    </QtUic>
    <QtUic Include="gui\tasksection.ui">
      <Filter>src\gui</Filter>
    </QtUic>
    <QtUic Include="dialogs\createtaskdlg.ui">
      <Filter>src\dialogs</Filter>
    </QtUic>
  </ItemGroup>
  <ItemGroup>
    <Filter Include="src">
      <UniqueIdentifier>{ac62ba07-8143-4b94-97a8-4d9f3ecfd4d6}</UniqueIdentifier>
    </Filter>
    <Filter Include="src\rc">
      <UniqueIdentifier>{52a7ec32-3a8c-41d3-8145-1b8e4cde4db9}</UniqueIdentifier>
    </Filter>
    <Filter Include="src\gui">
      <UniqueIdentifier>{8fb08a8d-a614-4ff6-a814-2a76d1c75329}</UniqueIdentifier>
    </Filter>
    <Filter Include="src\dialogs">
      <UniqueIdentifier>{aee64032-c86a-48b3-a488-f27d46efceb6}</UniqueIdentifier>
    </Filter>
    <Filter Include="src\models">
      <UniqueIdentifier>{fa25c1ff-2666-44c9-b26e-37a13d5d1c07}</UniqueIdentifier>
    </Filter>
  </ItemGroup>
  <ItemGroup>
    <QtRcc Include="rc\taskapp.qrc">
      <Filter>src\rc</Filter>
    </QtRcc>
  </ItemGroup>
  <ItemGroup>
    <ClInclude Include="models\projectscollection.h">
      <Filter>src\models</Filter>
    </ClInclude>
    <ClInclude Include="models\task.h">
      <Filter>src\models</Filter>
    </ClInclude>
    <ClInclude Include="gui\tasktableview.h">
      <Filter>src\gui</Filter>
    </ClInclude>
  </ItemGroup>
</Project>